
Microsoft Visual Studio Solution File, Format Version 12.00
# Visual Studio Version 17
VisualStudioVersion = 17.0.31903.59
MinimumVisualStudioVersion = 10.0.40219.1
Project("{F2A71F9B-5D33-465A-A702-920D77279786}") = "FLua.Parser", "FLua.Parser\FLua.Parser.fsproj", "{78643626-7BA3-4A30-9843-02901C220857}"
EndProject
Project("{F2A71F9B-5D33-465A-A702-920D77279786}") = "FLua.Ast", "FLua.Ast\FLua.Ast.fsproj", "{C95912B2-4F5A-4D01-8CE8-138E7D590B98}"
EndProject
Project("{FAE04EC0-301F-11D3-BF4B-00C04F79EFBC}") = "FLua.CSharpTest", "FLua.CSharpTest\FLua.CSharpTest.csproj", "{2969EF0E-40C7-4A39-854D-9FE77F7955D3}"
EndProject
Project("{FAE04EC0-301F-11D3-BF4B-00C04F79EFBC}") = "FLua.Interpreter", "FLua.Interpreter\FLua.Interpreter.csproj", "{FB87442E-C525-4C04-8D85-E6ADC25FE951}"
EndProject
Project("{FAE04EC0-301F-11D3-BF4B-00C04F79EFBC}") = "FLua.Interpreter.Tests", "FLua.Interpreter.Tests\FLua.Interpreter.Tests.csproj", "{1644A79F-3E22-40BB-AAC6-30888CB483EC}"
EndProject
Project("{FAE04EC0-301F-11D3-BF4B-00C04F79EFBC}") = "FLua.Cli", "FLua.Cli\FLua.Cli.csproj", "{207127EC-8C74-4542-9DB9-588583CD8D98}"
EndProject
Project("{FAE04EC0-301F-11D3-BF4B-00C04F79EFBC}") = "FLua.Repl", "FLua.Repl\FLua.Repl.csproj", "{18515156-E41D-428F-93C9-2D45C569C290}"
EndProject
Project("{F2A71F9B-5D33-465A-A702-920D77279786}") = "FLua.Parser.Tests", "FLua.Parser.Tests\FLua.Parser.Tests.fsproj", "{9E9A919D-89E1-4548-BF55-50D3E2DAF4C4}"
EndProject
Project("{FAE04EC0-301F-11D3-BF4B-00C04F79EFBC}") = "FLua.Runtime", "FLua.Runtime\FLua.Runtime.csproj", "{A1B2C3D4-E5F6-7890-1234-567890ABCDEF}"
EndProject
Project("{FAE04EC0-301F-11D3-BF4B-00C04F79EFBC}") = "FLua.Runtime.Tests", "FLua.Runtime.Tests\FLua.Runtime.Tests.csproj", "{B2C3D4E5-F6G7-8901-2345-678901BCDEFG}"
EndProject
Global
	GlobalSection(SolutionConfigurationPlatforms) = preSolution
		Debug|Any CPU = Debug|Any CPU
		Debug|x64 = Debug|x64
		Debug|x86 = Debug|x86
		Release|Any CPU = Release|Any CPU
		Release|x64 = Release|x64
		Release|x86 = Release|x86
	EndGlobalSection
	GlobalSection(ProjectConfigurationPlatforms) = postSolution
		{78643626-7BA3-4A30-9843-02901C220857}.Debug|Any CPU.ActiveCfg = Debug|Any CPU
		{78643626-7BA3-4A30-9843-02901C220857}.Debug|Any CPU.Build.0 = Debug|Any CPU
		{78643626-7BA3-4A30-9843-02901C220857}.Debug|x64.ActiveCfg = Debug|Any CPU
		{78643626-7BA3-4A30-9843-02901C220857}.Debug|x64.Build.0 = Debug|Any CPU
		{78643626-7BA3-4A30-9843-02901C220857}.Debug|x86.ActiveCfg = Debug|Any CPU
		{78643626-7BA3-4A30-9843-02901C220857}.Debug|x86.Build.0 = Debug|Any CPU
		{78643626-7BA3-4A30-9843-02901C220857}.Release|Any CPU.ActiveCfg = Release|Any CPU
		{78643626-7BA3-4A30-9843-02901C220857}.Release|Any CPU.Build.0 = Release|Any CPU
		{78643626-7BA3-4A30-9843-02901C220857}.Release|x64.ActiveCfg = Release|Any CPU
		{78643626-7BA3-4A30-9843-02901C220857}.Release|x64.Build.0 = Release|Any CPU
		{78643626-7BA3-4A30-9843-02901C220857}.Release|x86.ActiveCfg = Release|Any CPU
		{78643626-7BA3-4A30-9843-02901C220857}.Release|x86.Build.0 = Release|Any CPU
		{C95912B2-4F5A-4D01-8CE8-138E7D590B98}.Debug|Any CPU.ActiveCfg = Debug|Any CPU
		{C95912B2-4F5A-4D01-8CE8-138E7D590B98}.Debug|Any CPU.Build.0 = Debug|Any CPU
		{C95912B2-4F5A-4D01-8CE8-138E7D590B98}.Debug|x64.ActiveCfg = Debug|Any CPU
		{C95912B2-4F5A-4D01-8CE8-138E7D590B98}.Debug|x64.Build.0 = Debug|Any CPU
		{C95912B2-4F5A-4D01-8CE8-138E7D590B98}.Debug|x86.ActiveCfg = Debug|Any CPU
		{C95912B2-4F5A-4D01-8CE8-138E7D590B98}.Debug|x86.Build.0 = Debug|Any CPU
		{C95912B2-4F5A-4D01-8CE8-138E7D590B98}.Release|Any CPU.ActiveCfg = Release|Any CPU
		{C95912B2-4F5A-4D01-8CE8-138E7D590B98}.Release|Any CPU.Build.0 = Release|Any CPU
		{C95912B2-4F5A-4D01-8CE8-138E7D590B98}.Release|x64.ActiveCfg = Release|Any CPU
		{C95912B2-4F5A-4D01-8CE8-138E7D590B98}.Release|x64.Build.0 = Release|Any CPU
		{C95912B2-4F5A-4D01-8CE8-138E7D590B98}.Release|x86.ActiveCfg = Release|Any CPU
		{C95912B2-4F5A-4D01-8CE8-138E7D590B98}.Release|x86.Build.0 = Release|Any CPU
		{2969EF0E-40C7-4A39-854D-9FE77F7955D3}.Debug|Any CPU.ActiveCfg = Debug|Any CPU
		{2969EF0E-40C7-4A39-854D-9FE77F7955D3}.Debug|Any CPU.Build.0 = Debug|Any CPU
		{2969EF0E-40C7-4A39-854D-9FE77F7955D3}.Debug|x64.ActiveCfg = Debug|Any CPU
		{2969EF0E-40C7-4A39-854D-9FE77F7955D3}.Debug|x64.Build.0 = Debug|Any CPU
		{2969EF0E-40C7-4A39-854D-9FE77F7955D3}.Debug|x86.ActiveCfg = Debug|Any CPU
		{2969EF0E-40C7-4A39-854D-9FE77F7955D3}.Debug|x86.Build.0 = Debug|Any CPU
		{2969EF0E-40C7-4A39-854D-9FE77F7955D3}.Release|Any CPU.ActiveCfg = Release|Any CPU
		{2969EF0E-40C7-4A39-854D-9FE77F7955D3}.Release|Any CPU.Build.0 = Release|Any CPU
		{2969EF0E-40C7-4A39-854D-9FE77F7955D3}.Release|x64.ActiveCfg = Release|Any CPU
		{2969EF0E-40C7-4A39-854D-9FE77F7955D3}.Release|x64.Build.0 = Release|Any CPU
		{2969EF0E-40C7-4A39-854D-9FE77F7955D3}.Release|x86.ActiveCfg = Release|Any CPU
		{2969EF0E-40C7-4A39-854D-9FE77F7955D3}.Release|x86.Build.0 = Release|Any CPU
		{FB87442E-C525-4C04-8D85-E6ADC25FE951}.Debug|Any CPU.ActiveCfg = Debug|Any CPU
		{FB87442E-C525-4C04-8D85-E6ADC25FE951}.Debug|Any CPU.Build.0 = Debug|Any CPU
		{FB87442E-C525-4C04-8D85-E6ADC25FE951}.Debug|x64.ActiveCfg = Debug|Any CPU
		{FB87442E-C525-4C04-8D85-E6ADC25FE951}.Debug|x64.Build.0 = Debug|Any CPU
		{FB87442E-C525-4C04-8D85-E6ADC25FE951}.Debug|x86.ActiveCfg = Debug|Any CPU
		{FB87442E-C525-4C04-8D85-E6ADC25FE951}.Debug|x86.Build.0 = Debug|Any CPU
		{FB87442E-C525-4C04-8D85-E6ADC25FE951}.Release|Any CPU.ActiveCfg = Release|Any CPU
		{FB87442E-C525-4C04-8D85-E6ADC25FE951}.Release|Any CPU.Build.0 = Release|Any CPU
		{FB87442E-C525-4C04-8D85-E6ADC25FE951}.Release|x64.ActiveCfg = Release|Any CPU
		{FB87442E-C525-4C04-8D85-E6ADC25FE951}.Release|x64.Build.0 = Release|Any CPU
		{FB87442E-C525-4C04-8D85-E6ADC25FE951}.Release|x86.ActiveCfg = Release|Any CPU
		{FB87442E-C525-4C04-8D85-E6ADC25FE951}.Release|x86.Build.0 = Release|Any CPU
		{1644A79F-3E22-40BB-AAC6-30888CB483EC}.Debug|Any CPU.ActiveCfg = Debug|Any CPU
		{1644A79F-3E22-40BB-AAC6-30888CB483EC}.Debug|Any CPU.Build.0 = Debug|Any CPU
		{1644A79F-3E22-40BB-AAC6-30888CB483EC}.Debug|x64.ActiveCfg = Debug|Any CPU
		{1644A79F-3E22-40BB-AAC6-30888CB483EC}.Debug|x64.Build.0 = Debug|Any CPU
		{1644A79F-3E22-40BB-AAC6-30888CB483EC}.Debug|x86.ActiveCfg = Debug|Any CPU
		{1644A79F-3E22-40BB-AAC6-30888CB483EC}.Debug|x86.Build.0 = Debug|Any CPU
		{1644A79F-3E22-40BB-AAC6-30888CB483EC}.Release|Any CPU.ActiveCfg = Release|Any CPU
		{1644A79F-3E22-40BB-AAC6-30888CB483EC}.Release|Any CPU.Build.0 = Release|Any CPU
		{1644A79F-3E22-40BB-AAC6-30888CB483EC}.Release|x64.ActiveCfg = Release|Any CPU
		{1644A79F-3E22-40BB-AAC6-30888CB483EC}.Release|x64.Build.0 = Release|Any CPU
		{1644A79F-3E22-40BB-AAC6-30888CB483EC}.Release|x86.ActiveCfg = Release|Any CPU
		{1644A79F-3E22-40BB-AAC6-30888CB483EC}.Release|x86.Build.0 = Release|Any CPU
		{207127EC-8C74-4542-9DB9-588583CD8D98}.Debug|Any CPU.ActiveCfg = Debug|Any CPU
		{207127EC-8C74-4542-9DB9-588583CD8D98}.Debug|Any CPU.Build.0 = Debug|Any CPU
		{207127EC-8C74-4542-9DB9-588583CD8D98}.Debug|x64.ActiveCfg = Debug|Any CPU
		{207127EC-8C74-4542-9DB9-588583CD8D98}.Debug|x64.Build.0 = Debug|Any CPU
		{207127EC-8C74-4542-9DB9-588583CD8D98}.Debug|x86.ActiveCfg = Debug|Any CPU
		{207127EC-8C74-4542-9DB9-588583CD8D98}.Debug|x86.Build.0 = Debug|Any CPU
		{207127EC-8C74-4542-9DB9-588583CD8D98}.Release|Any CPU.ActiveCfg = Release|Any CPU
		{207127EC-8C74-4542-9DB9-588583CD8D98}.Release|Any CPU.Build.0 = Release|Any CPU
		{207127EC-8C74-4542-9DB9-588583CD8D98}.Release|x64.ActiveCfg = Release|Any CPU
		{207127EC-8C74-4542-9DB9-588583CD8D98}.Release|x64.Build.0 = Release|Any CPU
		{207127EC-8C74-4542-9DB9-588583CD8D98}.Release|x86.ActiveCfg = Release|Any CPU
		{207127EC-8C74-4542-9DB9-588583CD8D98}.Release|x86.Build.0 = Release|Any CPU
		{18515156-E41D-428F-93C9-2D45C569C290}.Debug|Any CPU.ActiveCfg = Debug|Any CPU
		{18515156-E41D-428F-93C9-2D45C569C290}.Debug|Any CPU.Build.0 = Debug|Any CPU
		{18515156-E41D-428F-93C9-2D45C569C290}.Debug|x64.ActiveCfg = Debug|Any CPU
		{18515156-E41D-428F-93C9-2D45C569C290}.Debug|x64.Build.0 = Debug|Any CPU
		{18515156-E41D-428F-93C9-2D45C569C290}.Debug|x86.ActiveCfg = Debug|Any CPU
		{18515156-E41D-428F-93C9-2D45C569C290}.Debug|x86.Build.0 = Debug|Any CPU
		{18515156-E41D-428F-93C9-2D45C569C290}.Release|Any CPU.ActiveCfg = Release|Any CPU
		{18515156-E41D-428F-93C9-2D45C569C290}.Release|Any CPU.Build.0 = Release|Any CPU
		{18515156-E41D-428F-93C9-2D45C569C290}.Release|x64.ActiveCfg = Release|Any CPU
		{18515156-E41D-428F-93C9-2D45C569C290}.Release|x64.Build.0 = Release|Any CPU
		{18515156-E41D-428F-93C9-2D45C569C290}.Release|x86.ActiveCfg = Release|Any CPU
		{18515156-E41D-428F-93C9-2D45C569C290}.Release|x86.Build.0 = Release|Any CPU
		{9E9A919D-89E1-4548-BF55-50D3E2DAF4C4}.Debug|Any CPU.ActiveCfg = Debug|Any CPU
		{9E9A919D-89E1-4548-BF55-50D3E2DAF4C4}.Debug|Any CPU.Build.0 = Debug|Any CPU
		{9E9A919D-89E1-4548-BF55-50D3E2DAF4C4}.Debug|x64.ActiveCfg = Debug|Any CPU
		{9E9A919D-89E1-4548-BF55-50D3E2DAF4C4}.Debug|x64.Build.0 = Debug|Any CPU
		{9E9A919D-89E1-4548-BF55-50D3E2DAF4C4}.Debug|x86.ActiveCfg = Debug|Any CPU
		{9E9A919D-89E1-4548-BF55-50D3E2DAF4C4}.Debug|x86.Build.0 = Debug|Any CPU
		{9E9A919D-89E1-4548-BF55-50D3E2DAF4C4}.Release|Any CPU.ActiveCfg = Release|Any CPU
		{9E9A919D-89E1-4548-BF55-50D3E2DAF4C4}.Release|Any CPU.Build.0 = Release|Any CPU
		{9E9A919D-89E1-4548-BF55-50D3E2DAF4C4}.Release|x64.ActiveCfg = Release|Any CPU
		{9E9A919D-89E1-4548-BF55-50D3E2DAF4C4}.Release|x64.Build.0 = Release|Any CPU
		{9E9A919D-89E1-4548-BF55-50D3E2DAF4C4}.Release|x86.ActiveCfg = Release|Any CPU
		{9E9A919D-89E1-4548-BF55-50D3E2DAF4C4}.Release|x86.Build.0 = Release|Any CPU
		{A1B2C3D4-E5F6-7890-1234-567890ABCDEF}.Debug|Any CPU.ActiveCfg = Debug|Any CPU
		{A1B2C3D4-E5F6-7890-1234-567890ABCDEF}.Debug|Any CPU.Build.0 = Debug|Any CPU
		{A1B2C3D4-E5F6-7890-1234-567890ABCDEF}.Debug|x64.ActiveCfg = Debug|Any CPU
		{A1B2C3D4-E5F6-7890-1234-567890ABCDEF}.Debug|x64.Build.0 = Debug|Any CPU
		{A1B2C3D4-E5F6-7890-1234-567890ABCDEF}.Debug|x86.ActiveCfg = Debug|Any CPU
		{A1B2C3D4-E5F6-7890-1234-567890ABCDEF}.Debug|x86.Build.0 = Debug|Any CPU
		{A1B2C3D4-E5F6-7890-1234-567890ABCDEF}.Release|Any CPU.ActiveCfg = Release|Any CPU
		{A1B2C3D4-E5F6-7890-1234-567890ABCDEF}.Release|Any CPU.Build.0 = Release|Any CPU
		{A1B2C3D4-E5F6-7890-1234-567890ABCDEF}.Release|x64.ActiveCfg = Release|Any CPU
		{A1B2C3D4-E5F6-7890-1234-567890ABCDEF}.Release|x64.Build.0 = Release|Any CPU
		{A1B2C3D4-E5F6-7890-1234-567890ABCDEF}.Release|x86.ActiveCfg = Release|Any CPU
		{A1B2C3D4-E5F6-7890-1234-567890ABCDEF}.Release|x86.Build.0 = Release|Any CPU
		{B2C3D4E5-F6G7-8901-2345-678901BCDEFG}.Debug|Any CPU.ActiveCfg = Debug|Any CPU
		{B2C3D4E5-F6G7-8901-2345-678901BCDEFG}.Debug|Any CPU.Build.0 = Debug|Any CPU
		{B2C3D4E5-F6G7-8901-2345-678901BCDEFG}.Debug|x64.ActiveCfg = Debug|Any CPU
		{B2C3D4E5-F6G7-8901-2345-678901BCDEFG}.Debug|x64.Build.0 = Debug|Any CPU
		{B2C3D4E5-F6G7-8901-2345-678901BCDEFG}.Debug|x86.ActiveCfg = Debug|Any CPU
		{B2C3D4E5-F6G7-8901-2345-678901BCDEFG}.Debug|x86.Build.0 = Debug|Any CPU
		{B2C3D4E5-F6G7-8901-2345-678901BCDEFG}.Release|Any CPU.ActiveCfg = Release|Any CPU
		{B2C3D4E5-F6G7-8901-2345-678901BCDEFG}.Release|Any CPU.Build.0 = Release|Any CPU
		{B2C3D4E5-F6G7-8901-2345-678901BCDEFG}.Release|x64.ActiveCfg = Release|Any CPU
		{B2C3D4E5-F6G7-8901-2345-678901BCDEFG}.Release|x64.Build.0 = Release|Any CPU
		{B2C3D4E5-F6G7-8901-2345-678901BCDEFG}.Release|x86.ActiveCfg = Release|Any CPU
		{B2C3D4E5-F6G7-8901-2345-678901BCDEFG}.Release|x86.Build.0 = Release|Any CPU
	EndGlobalSection
	GlobalSection(SolutionProperties) = preSolution
		HideSolutionNode = FALSE
	EndGlobalSection
EndGlobal
