
Microsoft Visual Studio Solution File, Format Version 12.00
# Visual Studio Version 17
VisualStudioVersion = 17.0.31903.59
MinimumVisualStudioVersion = 10.0.40219.1
Project("{F2A71F9B-5D33-465A-A702-920D77279786}") = "FLua.Parser", "FLua.Parser\FLua.Parser.fsproj", "{78643626-7BA3-4A30-9843-02901C220857}"
EndProject
Project("{F2A71F9B-5D33-465A-A702-920D77279786}") = "FLua.Cli", "FLua.Cli\FLua.Cli.fsproj", "{A6D05419-43BF-459A-AD74-34554B73F30E}"
EndProject
Project("{F2A71F9B-5D33-465A-A702-920D77279786}") = "FLua.Interpreter", "FLua.Interpreter\FLua.Interpreter.fsproj", "{984884F6-12D5-4B66-AC19-5A22B249E0A7}"
EndProject
Project("{F2A71F9B-5D33-465A-A702-920D77279786}") = "FLua.Interpreter.Tests", "FLua.Interpreter.Tests\FLua.Interpreter.Tests.fsproj", "{BE41B8F8-C4E7-45C7-A17B-F9E01385BBF7}"
EndProject
Project("{F2A71F9B-5D33-465A-A702-920D77279786}") = "FLua.Repl", "FLua.Repl\FLua.Repl.fsproj", "{1A1A546C-3CB8-4193-83D5-C9CB4CD57A55}"
EndProject
Global
	GlobalSection(SolutionConfigurationPlatforms) = preSolution
		Debug|Any CPU = Debug|Any CPU
		Debug|x64 = Debug|x64
		Debug|x86 = Debug|x86
		Release|Any CPU = Release|Any CPU
		Release|x64 = Release|x64
		Release|x86 = Release|x86
	EndGlobalSection
	GlobalSection(ProjectConfigurationPlatforms) = postSolution
		{78643626-7BA3-4A30-9843-02901C220857}.Debug|Any CPU.ActiveCfg = Debug|Any CPU
		{78643626-7BA3-4A30-9843-02901C220857}.Debug|Any CPU.Build.0 = Debug|Any CPU
		{78643626-7BA3-4A30-9843-02901C220857}.Debug|x64.ActiveCfg = Debug|Any CPU
		{78643626-7BA3-4A30-9843-02901C220857}.Debug|x64.Build.0 = Debug|Any CPU
		{78643626-7BA3-4A30-9843-02901C220857}.Debug|x86.ActiveCfg = Debug|Any CPU
		{78643626-7BA3-4A30-9843-02901C220857}.Debug|x86.Build.0 = Debug|Any CPU
		{78643626-7BA3-4A30-9843-02901C220857}.Release|Any CPU.ActiveCfg = Release|Any CPU
		{78643626-7BA3-4A30-9843-02901C220857}.Release|Any CPU.Build.0 = Release|Any CPU
		{78643626-7BA3-4A30-9843-02901C220857}.Release|x64.ActiveCfg = Release|Any CPU
		{78643626-7BA3-4A30-9843-02901C220857}.Release|x64.Build.0 = Release|Any CPU
		{78643626-7BA3-4A30-9843-02901C220857}.Release|x86.ActiveCfg = Release|Any CPU
		{78643626-7BA3-4A30-9843-02901C220857}.Release|x86.Build.0 = Release|Any CPU
		{A6D05419-43BF-459A-AD74-34554B73F30E}.Debug|Any CPU.ActiveCfg = Debug|Any CPU
		{A6D05419-43BF-459A-AD74-34554B73F30E}.Debug|Any CPU.Build.0 = Debug|Any CPU
		{A6D05419-43BF-459A-AD74-34554B73F30E}.Debug|x64.ActiveCfg = Debug|Any CPU
		{A6D05419-43BF-459A-AD74-34554B73F30E}.Debug|x64.Build.0 = Debug|Any CPU
		{A6D05419-43BF-459A-AD74-34554B73F30E}.Debug|x86.ActiveCfg = Debug|Any CPU
		{A6D05419-43BF-459A-AD74-34554B73F30E}.Debug|x86.Build.0 = Debug|Any CPU
		{A6D05419-43BF-459A-AD74-34554B73F30E}.Release|Any CPU.ActiveCfg = Release|Any CPU
		{A6D05419-43BF-459A-AD74-34554B73F30E}.Release|Any CPU.Build.0 = Release|Any CPU
		{A6D05419-43BF-459A-AD74-34554B73F30E}.Release|x64.ActiveCfg = Release|Any CPU
		{A6D05419-43BF-459A-AD74-34554B73F30E}.Release|x64.Build.0 = Release|Any CPU
		{A6D05419-43BF-459A-AD74-34554B73F30E}.Release|x86.ActiveCfg = Release|Any CPU
		{A6D05419-43BF-459A-AD74-34554B73F30E}.Release|x86.Build.0 = Release|Any CPU
		{984884F6-12D5-4B66-AC19-5A22B249E0A7}.Debug|Any CPU.ActiveCfg = Debug|Any CPU
		{984884F6-12D5-4B66-AC19-5A22B249E0A7}.Debug|Any CPU.Build.0 = Debug|Any CPU
		{984884F6-12D5-4B66-AC19-5A22B249E0A7}.Debug|x64.ActiveCfg = Debug|Any CPU
		{984884F6-12D5-4B66-AC19-5A22B249E0A7}.Debug|x64.Build.0 = Debug|Any CPU
		{984884F6-12D5-4B66-AC19-5A22B249E0A7}.Debug|x86.ActiveCfg = Debug|Any CPU
		{984884F6-12D5-4B66-AC19-5A22B249E0A7}.Debug|x86.Build.0 = Debug|Any CPU
		{984884F6-12D5-4B66-AC19-5A22B249E0A7}.Release|Any CPU.ActiveCfg = Release|Any CPU
		{984884F6-12D5-4B66-AC19-5A22B249E0A7}.Release|Any CPU.Build.0 = Release|Any CPU
		{984884F6-12D5-4B66-AC19-5A22B249E0A7}.Release|x64.ActiveCfg = Release|Any CPU
		{984884F6-12D5-4B66-AC19-5A22B249E0A7}.Release|x64.Build.0 = Release|Any CPU
		{984884F6-12D5-4B66-AC19-5A22B249E0A7}.Release|x86.ActiveCfg = Release|Any CPU
		{984884F6-12D5-4B66-AC19-5A22B249E0A7}.Release|x86.Build.0 = Release|Any CPU
		{BE41B8F8-C4E7-45C7-A17B-F9E01385BBF7}.Debug|Any CPU.ActiveCfg = Debug|Any CPU
		{BE41B8F8-C4E7-45C7-A17B-F9E01385BBF7}.Debug|Any CPU.Build.0 = Debug|Any CPU
		{BE41B8F8-C4E7-45C7-A17B-F9E01385BBF7}.Debug|x64.ActiveCfg = Debug|Any CPU
		{BE41B8F8-C4E7-45C7-A17B-F9E01385BBF7}.Debug|x64.Build.0 = Debug|Any CPU
		{BE41B8F8-C4E7-45C7-A17B-F9E01385BBF7}.Debug|x86.ActiveCfg = Debug|Any CPU
		{BE41B8F8-C4E7-45C7-A17B-F9E01385BBF7}.Debug|x86.Build.0 = Debug|Any CPU
		{BE41B8F8-C4E7-45C7-A17B-F9E01385BBF7}.Release|Any CPU.ActiveCfg = Release|Any CPU
		{BE41B8F8-C4E7-45C7-A17B-F9E01385BBF7}.Release|Any CPU.Build.0 = Release|Any CPU
		{BE41B8F8-C4E7-45C7-A17B-F9E01385BBF7}.Release|x64.ActiveCfg = Release|Any CPU
		{BE41B8F8-C4E7-45C7-A17B-F9E01385BBF7}.Release|x64.Build.0 = Release|Any CPU
		{BE41B8F8-C4E7-45C7-A17B-F9E01385BBF7}.Release|x86.ActiveCfg = Release|Any CPU
		{BE41B8F8-C4E7-45C7-A17B-F9E01385BBF7}.Release|x86.Build.0 = Release|Any CPU
		{1A1A546C-3CB8-4193-83D5-C9CB4CD57A55}.Debug|Any CPU.ActiveCfg = Debug|Any CPU
		{1A1A546C-3CB8-4193-83D5-C9CB4CD57A55}.Debug|Any CPU.Build.0 = Debug|Any CPU
		{1A1A546C-3CB8-4193-83D5-C9CB4CD57A55}.Debug|x64.ActiveCfg = Debug|Any CPU
		{1A1A546C-3CB8-4193-83D5-C9CB4CD57A55}.Debug|x64.Build.0 = Debug|Any CPU
		{1A1A546C-3CB8-4193-83D5-C9CB4CD57A55}.Debug|x86.ActiveCfg = Debug|Any CPU
		{1A1A546C-3CB8-4193-83D5-C9CB4CD57A55}.Debug|x86.Build.0 = Debug|Any CPU
		{1A1A546C-3CB8-4193-83D5-C9CB4CD57A55}.Release|Any CPU.ActiveCfg = Release|Any CPU
		{1A1A546C-3CB8-4193-83D5-C9CB4CD57A55}.Release|Any CPU.Build.0 = Release|Any CPU
		{1A1A546C-3CB8-4193-83D5-C9CB4CD57A55}.Release|x64.ActiveCfg = Release|Any CPU
		{1A1A546C-3CB8-4193-83D5-C9CB4CD57A55}.Release|x64.Build.0 = Release|Any CPU
		{1A1A546C-3CB8-4193-83D5-C9CB4CD57A55}.Release|x86.ActiveCfg = Release|Any CPU
		{1A1A546C-3CB8-4193-83D5-C9CB4CD57A55}.Release|x86.Build.0 = Release|Any CPU
	EndGlobalSection
	GlobalSection(SolutionProperties) = preSolution
		HideSolutionNode = FALSE
	EndGlobalSection
EndGlobal
